
Microsoft Visual Studio Solution File, Format Version 12.00
Project("{FAE04EC0-301F-11D3-BF4B-00C04F79EFBC}") = "VitaeVista", "VitaeVista\VitaeVista.csproj", "{E8D60CBC-3B21-4571-A92E-5EE15A1443F0}"
EndProject
Project("{2150E333-8FDC-42A3-9474-1A3956D46DE8}") = "Solution Items", "Solution Items", "{08199860-5DDB-4223-A637-F5ECA57B8AFC}"
	ProjectSection(SolutionItems) = preProject
		compose.yaml = compose.yaml
	EndProjectSection
EndProject
Project("{FAE04EC0-301F-11D3-BF4B-00C04F79EFBC}") = "VitaeVista.API", "VitaeVista.API\VitaeVista.API.csproj", "{9D44375D-815E-4BCC-A6CA-0808B7C2F40D}"
EndProject
Global
	GlobalSection(SolutionConfigurationPlatforms) = preSolution
		Debug|Any CPU = Debug|Any CPU
		Release|Any CPU = Release|Any CPU
	EndGlobalSection
	GlobalSection(ProjectConfigurationPlatforms) = postSolution
		{E8D60CBC-3B21-4571-A92E-5EE15A1443F0}.Debug|Any CPU.ActiveCfg = Debug|Any CPU
		{E8D60CBC-3B21-4571-A92E-5EE15A1443F0}.Debug|Any CPU.Build.0 = Debug|Any CPU
		{E8D60CBC-3B21-4571-A92E-5EE15A1443F0}.Release|Any CPU.ActiveCfg = Release|Any CPU
		{E8D60CBC-3B21-4571-A92E-5EE15A1443F0}.Release|Any CPU.Build.0 = Release|Any CPU
		{9D44375D-815E-4BCC-A6CA-0808B7C2F40D}.Debug|Any CPU.ActiveCfg = Debug|Any CPU
		{9D44375D-815E-4BCC-A6CA-0808B7C2F40D}.Debug|Any CPU.Build.0 = Debug|Any CPU
		{9D44375D-815E-4BCC-A6CA-0808B7C2F40D}.Release|Any CPU.ActiveCfg = Release|Any CPU
		{9D44375D-815E-4BCC-A6CA-0808B7C2F40D}.Release|Any CPU.Build.0 = Release|Any CPU
	EndGlobalSection
EndGlobal
